# This file is @generated by PDM.
# It is not intended for manual editing.

[metadata]
groups = ["default"]
strategy = ["cross_platform", "inherit_metadata"]
lock_version = "4.4.1"
content_hash = "sha256:f4a0ede79938211412f0401b9611881c4f3b7d908c818536fd9472ddc88e8cab"

[[package]]
name = "librelingo-types"
version = "3.3.0"
requires_python = ">=3.8,<4.0"
summary = "Data types to be used in Python packages for LibreLingo"
groups = ["default"]
files = [
    {file = "librelingo_types-3.3.0-py3-none-any.whl", hash = "sha256:12a41062d5c0b3728637b577dd687a07c186b1ae281dd476e7381b6950c04de8"},
    {file = "librelingo_types-3.3.0.tar.gz", hash = "sha256:7292872ed4e83d318e1ff8731b5d34ab2add9c192d5dbcc56a36c8b8be85685c"},
]
