{
  "name": "lluis",
  "version": "0.0.0",
  "lockfileVersion": 1,
  "requires": true,
  "dependencies": {
    "bulma": {
      "version": "0.9.1",
      "resolved": "https://registry.npmjs.org/bulma/-/bulma-0.9.1.tgz",
      "integrity": "sha512-LSF69OumXg2HSKl2+rN0/OEXJy7WFEb681wtBlNS/ulJYR27J3rORHibdXZ6GVb/vyUzzYK/Arjyh56wjbFedA=="
    }
  }
}
