[[package]]
name = "certifi"
version = "2021.5.30"
description = "Python package for providing Mozilla's CA Bundle."
category = "dev"
optional = false
python-versions = "*"

[[package]]
name = "charset-normalizer"
version = "2.0.4"
description = "The Real First Universal Charset Detector. Open, modern and actively maintained alternative to Chardet."
category = "dev"
optional = false
python-versions = ">=3.5.0"

[package.extras]
unicode_backport = ["unicodedata2"]

[[package]]
name = "click"
version = "7.1.2"
description = "Composable command line interface toolkit"
category = "dev"
optional = false
python-versions = ">=2.7, !=3.0.*, !=3.1.*, !=3.2.*, !=3.3.*, !=3.4.*"

[[package]]
name = "dataclasses"
version = "0.6"
description = "A backport of the dataclasses module for Python 3.6"
category = "dev"
optional = false
python-versions = "*"

[[package]]
name = "docspec"
version = "0.2.1"
description = "Docspec is a JSON object specification for representing API documentation of programming languages."
category = "dev"
optional = false
python-versions = ">=3.6.0,<4.0.0"

[package.dependencies]
"nr.databind.core" = ">=0.0.19,<0.1.0"
"nr.databind.json" = ">=0.0.9,<0.1.0"

[[package]]
name = "docspec-python"
version = "0.2.0"
description = "A parser based on lib2to3 producing docspec data from Python source code."
category = "dev"
optional = false
python-versions = ">=3.6.0,<4.0.0"

[package.dependencies]
dataclasses = "*"
docspec = ">=0.2.0,<0.3.0"

[[package]]
name = "idna"
version = "3.2"
description = "Internationalized Domain Names in Applications (IDNA)"
category = "dev"
optional = false
python-versions = ">=3.5"

[[package]]
name = "librelingo-types"
version = "3.0.1"
description = "Data types to be used in Python packages for LibreLingo"
category = "main"
optional = false
python-versions = ">=3.8,<4.0"

[[package]]
name = "nr.collections"
version = "0.0.1"
description = "Useful container datatypes for Python 2 and 3."
category = "dev"
optional = false
python-versions = "*"

[package.dependencies]
"nr.metaclass" = ">=0.0.1,<0.1.0"
six = ">=1.11.0,<2.0.0"

[package.extras]
test = ["nr.fs (>=1.5.0,<2.0.0)"]

[[package]]
name = "nr.databind.core"
version = "0.0.22"
description = "Bind structured data directly to typed objects."
category = "dev"
optional = false
python-versions = "*"

[package.dependencies]
"nr.collections" = ">=0.0.1,<1.0.0"
"nr.interface" = ">=0.0.1,<0.1.0"
"nr.pylang.utils" = ">=0.0.3,<0.1.0"
"nr.stream" = ">=0.0.1,<0.1.0"

[[package]]
name = "nr.databind.json"
version = "0.0.14"
description = "Deserialize JSON into Python objects and reverse."
category = "dev"
optional = false
python-versions = "*"

[package.dependencies]
"nr.collections" = ">=0.0.1,<1.0.0"
"nr.databind.core" = ">=0.0.21,<0.1.0"
"nr.interface" = ">=0.0.1,<0.1.0"
"nr.parsing.date" = ">=0.1.0,<1.0.0"
"nr.pylang.utils" = ">=0.0.1,<0.1.0"

[[package]]
name = "nr.fs"
version = "1.6.3"
description = "Filesystem and path manipulation tools."
category = "dev"
optional = false
python-versions = "*"

[package.dependencies]
six = ">=1.11.0,<2.0.0"

[[package]]
name = "nr.interface"
version = "0.0.5"
description = "Interface definitions for Python."
category = "dev"
optional = false
python-versions = "*"

[package.dependencies]
"nr.collections" = ">=0.0.1,<1.0.0"
"nr.metaclass" = ">=0.0.1,<0.1.0"
"nr.pylang.utils" = ">=0.0.1,<0.1.0"
six = ">=1.11.0,<2.0.0"

[[package]]
name = "nr.metaclass"
version = "0.0.6"
description = "Metaclass utilities."
category = "dev"
optional = false
python-versions = "*"

[[package]]
name = "nr.parsing.date"
version = "0.6.1"
description = "A simple and fast date parsing library. Uses dateutil for timezone offset support."
category = "dev"
optional = false
python-versions = ">=3.5.0,<4.0.0"

[package.dependencies]
"nr.utils.re" = ">=0.1.0,<0.2.0"

[[package]]
name = "nr.pylang.utils"
version = "0.0.4"
description = "Package description here."
category = "dev"
optional = false
python-versions = ">=3.4.0,<4.0.0"

[package.dependencies]
"nr.collections" = ">=0.0.1,<1.0.0"

[[package]]
name = "nr.stream"
version = "0.0.5"
description = "Use iterators like Java streams."
category = "dev"
optional = false
python-versions = "*"

[package.dependencies]
"nr.collections" = ">=0.0.1,<1.0.0"
"nr.pylang.utils" = ">=0.0.1,<1.0.0"
six = ">=1.11.0,<2.0.0"

[[package]]
name = "nr.utils.re"
version = "0.1.1"
description = "This module provides some utility functions for applying regular expressions."
category = "dev"
optional = false
python-versions = "*"

[[package]]
name = "pydoc-markdown"
version = "3.13.0"
description = "Create Python API documentation in Markdown format."
category = "dev"
optional = false
python-versions = ">=3.6.0,<4.0.0"

[package.dependencies]
click = ">=7.0.0,<8.0.0"
dataclasses = "*"
docspec = ">=0.2.0,<0.3.0"
docspec-python = ">=0.2.0,<0.3.0"
"nr.collections" = ">=0.0.1,<0.1.0"
"nr.databind.core" = ">=0.0.18,<0.1.0"
"nr.databind.json" = ">=0.0.9,<0.1.0"
"nr.fs" = ">=1.6.0,<2.0.0"
"nr.interface" = ">=0.0.3,<0.1.0"
PyYAML = ">=5.3.0,<6.0.0"
requests = ">=2.23.0,<3.0.0"
six = ">=1.11.0,<2.0.0"
toml = ">=0.10.1,<1.0.0"
watchdog = ">=1.0.0,<2.0.0"

[[package]]
name = "pyyaml"
version = "5.4.1"
description = "YAML parser and emitter for Python"
category = "dev"
optional = false
python-versions = ">=2.7, !=3.0.*, !=3.1.*, !=3.2.*, !=3.3.*, !=3.4.*, !=3.5.*"

[[package]]
name = "regex"
version = "2021.11.2"
description = "Alternative regular expression module, to replace re."
category = "main"
optional = false
python-versions = "*"

[[package]]
name = "requests"
version = "2.26.0"
description = "Python HTTP for Humans."
category = "dev"
optional = false
python-versions = ">=2.7, !=3.0.*, !=3.1.*, !=3.2.*, !=3.3.*, !=3.4.*, !=3.5.*"

[package.dependencies]
certifi = ">=2017.4.17"
charset-normalizer = {version = ">=2.0.0,<2.1.0", markers = "python_version >= \"3\""}
idna = {version = ">=2.5,<4", markers = "python_version >= \"3\""}
urllib3 = ">=1.21.1,<1.27"

[package.extras]
socks = ["PySocks (>=1.5.6,!=1.5.7)", "win-inet-pton"]
use_chardet_on_py3 = ["chardet (>=3.0.2,<5)"]

[[package]]
name = "six"
version = "1.16.0"
description = "Python 2 and 3 compatibility utilities"
category = "dev"
optional = false
python-versions = ">=2.7, !=3.0.*, !=3.1.*, !=3.2.*"

[[package]]
name = "toml"
version = "0.10.2"
description = "Python Library for Tom's Obvious, Minimal Language"
category = "dev"
optional = false
python-versions = ">=2.6, !=3.0.*, !=3.1.*, !=3.2.*"

[[package]]
name = "urllib3"
version = "1.26.6"
description = "HTTP library with thread-safe connection pooling, file post, and more."
category = "dev"
optional = false
python-versions = ">=2.7, !=3.0.*, !=3.1.*, !=3.2.*, !=3.3.*, !=3.4.*, <4"

[package.extras]
brotli = ["brotlipy (>=0.6.0)"]
secure = ["pyOpenSSL (>=0.14)", "cryptography (>=1.3.4)", "idna (>=2.0.0)", "certifi", "ipaddress"]
socks = ["PySocks (>=1.5.6,!=1.5.7,<2.0)"]

[[package]]
name = "watchdog"
version = "1.0.2"
description = "Filesystem events monitoring"
category = "dev"
optional = false
python-versions = ">=3.6"

[package.extras]
watchmedo = ["PyYAML (>=3.10)", "argh (>=0.24.1)"]

[metadata]
lock-version = "1.1"
python-versions = "^3.8"
content-hash = "4a41573ca2b3d751402a91b023108d8328da9c024cd5b6af4fa322f56860787b"

[metadata.files]
certifi = [
    {file = "certifi-2021.5.30-py2.py3-none-any.whl", hash = "sha256:50b1e4f8446b06f41be7dd6338db18e0990601dce795c2b1686458aa7e8fa7d8"},
    {file = "certifi-2021.5.30.tar.gz", hash = "sha256:2bbf76fd432960138b3ef6dda3dde0544f27cbf8546c458e60baf371917ba9ee"},
]
charset-normalizer = [
    {file = "charset-normalizer-2.0.4.tar.gz", hash = "sha256:f23667ebe1084be45f6ae0538e4a5a865206544097e4e8bbcacf42cd02a348f3"},
    {file = "charset_normalizer-2.0.4-py3-none-any.whl", hash = "sha256:0c8911edd15d19223366a194a513099a302055a962bca2cec0f54b8b63175d8b"},
]
click = [
    {file = "click-7.1.2-py2.py3-none-any.whl", hash = "sha256:dacca89f4bfadd5de3d7489b7c8a566eee0d3676333fbb50030263894c38c0dc"},
    {file = "click-7.1.2.tar.gz", hash = "sha256:d2b5255c7c6349bc1bd1e59e08cd12acbbd63ce649f2588755783aa94dfb6b1a"},
]
dataclasses = [
    {file = "dataclasses-0.6-py3-none-any.whl", hash = "sha256:454a69d788c7fda44efd71e259be79577822f5e3f53f029a22d08004e951dc9f"},
    {file = "dataclasses-0.6.tar.gz", hash = "sha256:6988bd2b895eef432d562370bb707d540f32f7360ab13da45340101bc2307d84"},
]
docspec = [
    {file = "docspec-0.2.1-py3-none-any.whl", hash = "sha256:1792cb79d5e6f39aa0c4c17b26b283e2e044b3adb7457151b21e14dca44d5d43"},
    {file = "docspec-0.2.1.tar.gz", hash = "sha256:8ff14da2cdf69a958c3e25c748d629129e38d3145cf5d0c4d55da8e6cfa0cd29"},
]
docspec-python = [
    {file = "docspec-python-0.2.0.tar.gz", hash = "sha256:61b161ccb5e6d0cc4d6ed2e127458e14becd6eae8276be2432ae380793f50468"},
    {file = "docspec_python-0.2.0-py3-none-any.whl", hash = "sha256:a9aba8db53d22a91cc278e26256dae3b4f02c6bb11066d2a31bf500c3e489bfa"},
]
idna = [
    {file = "idna-3.2-py3-none-any.whl", hash = "sha256:14475042e284991034cb48e06f6851428fb14c4dc953acd9be9a5e95c7b6dd7a"},
    {file = "idna-3.2.tar.gz", hash = "sha256:467fbad99067910785144ce333826c71fb0e63a425657295239737f7ecd125f3"},
]
librelingo-types = [
    {file = "librelingo_types-3.0.1-py3-none-any.whl", hash = "sha256:670ec7ae225003fdf381ef5a5a6b5ca8da85f4bc23e2745f624d29e8e0a7145c"},
    {file = "librelingo_types-3.0.1.tar.gz", hash = "sha256:7de4c1b21e7c7f0944416302cd73b54f2961983c23f30ed20add8f6a327556f0"},
]
"nr.collections" = [
    {file = "nr.collections-0.0.1.tar.gz", hash = "sha256:ddf38cd6379cac546ce7abdadf024fc01cca75540e11b1d5f1aa701a33817f1c"},
]
"nr.databind.core" = [
    {file = "nr.databind.core-0.0.22-py2.py3-none-any.whl", hash = "sha256:854a0a0551a0aa5a5acedaa547af930bdaca331bc705b3f26732f6b913491572"},
    {file = "nr.databind.core-0.0.22.tar.gz", hash = "sha256:87fe32d7d8dd91b878a25cd144d056435107ca56a8db7be3030f765334075f77"},
]
"nr.databind.json" = [
    {file = "nr.databind.json-0.0.14-py2.py3-none-any.whl", hash = "sha256:3765fd581c2ca2ee249ccfd460be0f472cc2bc9e5305e2f415d587a5e27c3b86"},
    {file = "nr.databind.json-0.0.14.tar.gz", hash = "sha256:27c7a7a69f6f703a0c616b898950fdb53a51b39cf9874d412ebc12dea574f20e"},
]
"nr.fs" = [
    {file = "nr.fs-1.6.3-py2.py3-none-any.whl", hash = "sha256:64108c168ea2e8077fdf5f0c5417459d1a145fe34cb305fe90faeb75b4e8b421"},
    {file = "nr.fs-1.6.3.tar.gz", hash = "sha256:788aa0a04c4143f95c5245bc8ccc0c0872e932be533bd37780fbb55afcdf124a"},
]
"nr.interface" = [
    {file = "nr.interface-0.0.5-py2.py3-none-any.whl", hash = "sha256:8287f817297d825641793bf3e860445c43e271f4f87ff34f3e30b94bf1aa79a8"},
    {file = "nr.interface-0.0.5.tar.gz", hash = "sha256:ed6043954813247555299ce3032033bbbcaa2d7906f849e1f8317df4011ade83"},
]
"nr.metaclass" = [
    {file = "nr.metaclass-0.0.6-py2.py3-none-any.whl", hash = "sha256:d458eb1bddd93373cc74e19981214e7d478c92c9b08fc9732bd430225698a8f0"},
    {file = "nr.metaclass-0.0.6.tar.gz", hash = "sha256:3d52f8e603e3c2944b9135e5a09593c3c36191f26cf1c29a7c71efb192552b10"},
]
"nr.parsing.date" = [
    {file = "nr.parsing.date-0.6.1-py3-none-any.whl", hash = "sha256:8cc5e1bf5d9a28c7e93c2c6417958857eef752bf166f777102c60b304b5f020d"},
    {file = "nr.parsing.date-0.6.1.tar.gz", hash = "sha256:11bf1e2a63397a3f9e039cf6b03a9f54d33d7e14ca230b022722e91fd8344fd8"},
]
"nr.pylang.utils" = [
    {file = "nr.pylang.utils-0.0.4-py3-none-any.whl", hash = "sha256:cf8c88b9e7821a256e31e83e16dcd506d1fb33ea3cf37578eb163526ab044a27"},
    {file = "nr.pylang.utils-0.0.4.tar.gz", hash = "sha256:48f81167a5f0a7376b0dd1b3db2b88ab1cfa815645a2d4048eb369564f4e2485"},
]
"nr.stream" = [
    {file = "nr.stream-0.0.5-py2.py3-none-any.whl", hash = "sha256:cf418a4de3cedb8622286d2baca6007a153c780af48362d1f2ef2c1993525615"},
    {file = "nr.stream-0.0.5.tar.gz", hash = "sha256:3489ce5e8174b70d194a6592248ba341fbbd5bf30c9ec5f1223a351df909f505"},
]
"nr.utils.re" = [
    {file = "nr.utils.re-0.1.1-py2.py3-none-any.whl", hash = "sha256:eb4e6c10b074e8b296c4e2a83d0299e9a162524fb3e5e6b916dfd194688dbd06"},
    {file = "nr.utils.re-0.1.1.tar.gz", hash = "sha256:71e21300dbf890d914841f1e6d66eb4e7d6a9f01c9a20d8e83e5242c8d3140aa"},
]
pydoc-markdown = [
    {file = "pydoc-markdown-3.13.0.tar.gz", hash = "sha256:1f23ebd02756664e84535969fd200ae11ca5c84329dd89539e5b603ef0e6d98f"},
    {file = "pydoc_markdown-3.13.0-py3-none-any.whl", hash = "sha256:5b547c09862ebd64511417dc318de8a64302284389d5adf8ce130a5ca4742fe6"},
]
pyyaml = [
    {file = "PyYAML-5.4.1-cp27-cp27m-macosx_10_9_x86_64.whl", hash = "sha256:3b2b1824fe7112845700f815ff6a489360226a5609b96ec2190a45e62a9fc922"},
    {file = "PyYAML-5.4.1-cp27-cp27m-win32.whl", hash = "sha256:129def1b7c1bf22faffd67b8f3724645203b79d8f4cc81f674654d9902cb4393"},
    {file = "PyYAML-5.4.1-cp27-cp27m-win_amd64.whl", hash = "sha256:4465124ef1b18d9ace298060f4eccc64b0850899ac4ac53294547536533800c8"},
    {file = "PyYAML-5.4.1-cp27-cp27mu-manylinux1_x86_64.whl", hash = "sha256:bb4191dfc9306777bc594117aee052446b3fa88737cd13b7188d0e7aa8162185"},
    {file = "PyYAML-5.4.1-cp36-cp36m-macosx_10_9_x86_64.whl", hash = "sha256:6c78645d400265a062508ae399b60b8c167bf003db364ecb26dcab2bda048253"},
    {file = "PyYAML-5.4.1-cp36-cp36m-manylinux1_x86_64.whl", hash = "sha256:4e0583d24c881e14342eaf4ec5fbc97f934b999a6828693a99157fde912540cc"},
    {file = "PyYAML-5.4.1-cp36-cp36m-win32.whl", hash = "sha256:3bd0e463264cf257d1ffd2e40223b197271046d09dadf73a0fe82b9c1fc385a5"},
    {file = "PyYAML-5.4.1-cp36-cp36m-win_amd64.whl", hash = "sha256:e4fac90784481d221a8e4b1162afa7c47ed953be40d31ab4629ae917510051df"},
    {file = "PyYAML-5.4.1-cp37-cp37m-macosx_10_9_x86_64.whl", hash = "sha256:5accb17103e43963b80e6f837831f38d314a0495500067cb25afab2e8d7a4018"},
    {file = "PyYAML-5.4.1-cp37-cp37m-manylinux1_x86_64.whl", hash = "sha256:e1d4970ea66be07ae37a3c2e48b5ec63f7ba6804bdddfdbd3cfd954d25a82e63"},
    {file = "PyYAML-5.4.1-cp37-cp37m-win32.whl", hash = "sha256:dd5de0646207f053eb0d6c74ae45ba98c3395a571a2891858e87df7c9b9bd51b"},
    {file = "PyYAML-5.4.1-cp37-cp37m-win_amd64.whl", hash = "sha256:08682f6b72c722394747bddaf0aa62277e02557c0fd1c42cb853016a38f8dedf"},
    {file = "PyYAML-5.4.1-cp38-cp38-macosx_10_9_x86_64.whl", hash = "sha256:d2d9808ea7b4af864f35ea216be506ecec180628aced0704e34aca0b040ffe46"},
    {file = "PyYAML-5.4.1-cp38-cp38-manylinux1_x86_64.whl", hash = "sha256:8c1be557ee92a20f184922c7b6424e8ab6691788e6d86137c5d93c1a6ec1b8fb"},
    {file = "PyYAML-5.4.1-cp38-cp38-win32.whl", hash = "sha256:fa5ae20527d8e831e8230cbffd9f8fe952815b2b7dae6ffec25318803a7528fc"},
    {file = "PyYAML-5.4.1-cp38-cp38-win_amd64.whl", hash = "sha256:0f5f5786c0e09baddcd8b4b45f20a7b5d61a7e7e99846e3c799b05c7c53fa696"},
    {file = "PyYAML-5.4.1-cp39-cp39-macosx_10_9_x86_64.whl", hash = "sha256:294db365efa064d00b8d1ef65d8ea2c3426ac366c0c4368d930bf1c5fb497f77"},
    {file = "PyYAML-5.4.1-cp39-cp39-manylinux1_x86_64.whl", hash = "sha256:74c1485f7707cf707a7aef42ef6322b8f97921bd89be2ab6317fd782c2d53183"},
    {file = "PyYAML-5.4.1-cp39-cp39-win32.whl", hash = "sha256:49d4cdd9065b9b6e206d0595fee27a96b5dd22618e7520c33204a4a3239d5b10"},
    {file = "PyYAML-5.4.1-cp39-cp39-win_amd64.whl", hash = "sha256:c20cfa2d49991c8b4147af39859b167664f2ad4561704ee74c1de03318e898db"},
    {file = "PyYAML-5.4.1.tar.gz", hash = "sha256:607774cbba28732bfa802b54baa7484215f530991055bb562efbed5b2f20a45e"},
]
regex = [
    {file = "regex-2021.11.2-cp310-cp310-macosx_10_9_x86_64.whl", hash = "sha256:897c539f0f3b2c3a715be651322bef2167de1cdc276b3f370ae81a3bda62df71"},
    {file = "regex-2021.11.2-cp310-cp310-macosx_11_0_arm64.whl", hash = "sha256:886f459db10c0f9d17c87d6594e77be915f18d343ee138e68d259eb385f044a8"},
    {file = "regex-2021.11.2-cp310-cp310-manylinux_2_17_aarch64.manylinux2014_aarch64.whl", hash = "sha256:075b0fdbaea81afcac5a39a0d1bb91de887dd0d93bf692a5dd69c430e7fc58cb"},
    {file = "regex-2021.11.2-cp310-cp310-manylinux_2_17_ppc64le.manylinux2014_ppc64le.whl", hash = "sha256:c6238d30dcff141de076344cf7f52468de61729c2f70d776fce12f55fe8df790"},
    {file = "regex-2021.11.2-cp310-cp310-manylinux_2_17_s390x.manylinux2014_s390x.whl", hash = "sha256:7fab29411d75c2eb48070020a40f80255936d7c31357b086e5931c107d48306e"},
    {file = "regex-2021.11.2-cp310-cp310-manylinux_2_17_x86_64.manylinux2014_x86_64.whl", hash = "sha256:f0148988af0182a0a4e5020e7c168014f2c55a16d11179610f7883dd48ac0ebe"},
    {file = "regex-2021.11.2-cp310-cp310-manylinux_2_5_i686.manylinux1_i686.manylinux_2_17_i686.manylinux2014_i686.whl", hash = "sha256:be30cd315db0168063a1755fa20a31119da91afa51da2907553493516e165640"},
    {file = "regex-2021.11.2-cp310-cp310-manylinux_2_5_x86_64.manylinux1_x86_64.manylinux_2_12_x86_64.manylinux2010_x86_64.whl", hash = "sha256:e9cec3a62d146e8e122d159ab93ac32c988e2ec0dcb1e18e9e53ff2da4fbd30c"},
    {file = "regex-2021.11.2-cp310-cp310-win32.whl", hash = "sha256:41c66bd6750237a8ed23028a6c9173dc0c92dc24c473e771d3bfb9ee817700c3"},
    {file = "regex-2021.11.2-cp310-cp310-win_amd64.whl", hash = "sha256:0075fe4e2c2720a685fef0f863edd67740ff78c342cf20b2a79bc19388edf5db"},
    {file = "regex-2021.11.2-cp36-cp36m-macosx_10_9_x86_64.whl", hash = "sha256:0ed3465acf8c7c10aa2e0f3d9671da410ead63b38a77283ef464cbb64275df58"},
    {file = "regex-2021.11.2-cp36-cp36m-manylinux_2_17_aarch64.manylinux2014_aarch64.whl", hash = "sha256:ab1fea8832976ad0bebb11f652b692c328043057d35e9ebc78ab0a7a30cf9a70"},
    {file = "regex-2021.11.2-cp36-cp36m-manylinux_2_17_ppc64le.manylinux2014_ppc64le.whl", hash = "sha256:cb1e44d860345ab5d4f533b6c37565a22f403277f44c4d2d5e06c325da959883"},
    {file = "regex-2021.11.2-cp36-cp36m-manylinux_2_17_s390x.manylinux2014_s390x.whl", hash = "sha256:9486ebda015913909bc28763c6b92fcc3b5e5a67dee4674bceed112109f5dfb8"},
    {file = "regex-2021.11.2-cp36-cp36m-manylinux_2_17_x86_64.manylinux2014_x86_64.whl", hash = "sha256:20605bfad484e1341b2cbfea0708e4b211d233716604846baa54b94821f487cb"},
    {file = "regex-2021.11.2-cp36-cp36m-manylinux_2_5_i686.manylinux1_i686.manylinux_2_17_i686.manylinux2014_i686.whl", hash = "sha256:f20f9f430c33597887ba9bd76635476928e76cad2981643ca8be277b8e97aa96"},
    {file = "regex-2021.11.2-cp36-cp36m-manylinux_2_5_x86_64.manylinux1_x86_64.manylinux_2_12_x86_64.manylinux2010_x86_64.whl", hash = "sha256:1d85ca137756d62c8138c971453cafe64741adad1f6a7e63a22a5a8abdbd19fa"},
    {file = "regex-2021.11.2-cp36-cp36m-win32.whl", hash = "sha256:af23b9ca9a874ef0ec20e44467b8edd556c37b0f46f93abfa93752ea7c0e8d1e"},
    {file = "regex-2021.11.2-cp36-cp36m-win_amd64.whl", hash = "sha256:070336382ca92c16c45b4066c4ba9fa83fb0bd13d5553a82e07d344df8d58a84"},
    {file = "regex-2021.11.2-cp37-cp37m-macosx_10_9_x86_64.whl", hash = "sha256:ef4e53e2fdc997d91f5b682f81f7dc9661db9a437acce28745d765d251902d85"},
    {file = "regex-2021.11.2-cp37-cp37m-manylinux_2_17_aarch64.manylinux2014_aarch64.whl", hash = "sha256:35ed5714467fc606551db26f80ee5d6aa1f01185586a7bccd96f179c4b974a11"},
    {file = "regex-2021.11.2-cp37-cp37m-manylinux_2_17_ppc64le.manylinux2014_ppc64le.whl", hash = "sha256:7ee36d5113b6506b97f45f2e8447cb9af146e60e3f527d93013d19f6d0405f3b"},
    {file = "regex-2021.11.2-cp37-cp37m-manylinux_2_17_s390x.manylinux2014_s390x.whl", hash = "sha256:4fba661a4966adbd2c3c08d3caad6822ecb6878f5456588e2475ae23a6e47929"},
    {file = "regex-2021.11.2-cp37-cp37m-manylinux_2_17_x86_64.manylinux2014_x86_64.whl", hash = "sha256:77f9d16f7970791f17ecce7e7f101548314ed1ee2583d4268601f30af3170856"},
    {file = "regex-2021.11.2-cp37-cp37m-manylinux_2_5_i686.manylinux1_i686.manylinux_2_17_i686.manylinux2014_i686.whl", hash = "sha256:f6a28e87ba69f3a4f30d775b179aac55be1ce59f55799328a0d9b6df8f16b39d"},
    {file = "regex-2021.11.2-cp37-cp37m-manylinux_2_5_x86_64.manylinux1_x86_64.manylinux_2_12_x86_64.manylinux2010_x86_64.whl", hash = "sha256:9267e4fba27e6dd1008c4f2983cc548c98b4be4444e3e342db11296c0f45512f"},
    {file = "regex-2021.11.2-cp37-cp37m-win32.whl", hash = "sha256:d4bfe3bc3976ccaeb4ae32f51e631964e2f0e85b2b752721b7a02de5ce3b7f27"},
    {file = "regex-2021.11.2-cp37-cp37m-win_amd64.whl", hash = "sha256:2bb7cae741de1aa03e3dd3a7d98c304871eb155921ca1f0d7cc11f5aade913fd"},
    {file = "regex-2021.11.2-cp38-cp38-macosx_10_9_x86_64.whl", hash = "sha256:23f93e74409c210de4de270d4bf88fb8ab736a7400f74210df63a93728cf70d6"},
    {file = "regex-2021.11.2-cp38-cp38-macosx_11_0_arm64.whl", hash = "sha256:d8ee91e1c295beb5c132ebd78616814de26fedba6aa8687ea460c7f5eb289b72"},
    {file = "regex-2021.11.2-cp38-cp38-manylinux_2_17_aarch64.manylinux2014_aarch64.whl", hash = "sha256:2e3ff69ab203b54ce5c480c3ccbe959394ea5beef6bd5ad1785457df7acea92e"},
    {file = "regex-2021.11.2-cp38-cp38-manylinux_2_17_ppc64le.manylinux2014_ppc64le.whl", hash = "sha256:e3c00cb5c71da655e1e5161481455479b613d500dd1bd252aa01df4f037c641f"},
    {file = "regex-2021.11.2-cp38-cp38-manylinux_2_17_s390x.manylinux2014_s390x.whl", hash = "sha256:4abf35e16f4b639daaf05a2602c1b1d47370e01babf9821306aa138924e3fe92"},
    {file = "regex-2021.11.2-cp38-cp38-manylinux_2_17_x86_64.manylinux2014_x86_64.whl", hash = "sha256:bb11c982a849dc22782210b01d0c1b98eb3696ce655d58a54180774e4880ac66"},
    {file = "regex-2021.11.2-cp38-cp38-manylinux_2_5_i686.manylinux1_i686.manylinux_2_17_i686.manylinux2014_i686.whl", hash = "sha256:07e3755e0f070bc31567dfe447a02011bfa8444239b3e9e5cca6773a22133839"},
    {file = "regex-2021.11.2-cp38-cp38-manylinux_2_5_x86_64.manylinux1_x86_64.manylinux_2_12_x86_64.manylinux2010_x86_64.whl", hash = "sha256:0621c90f28d17260b41838b22c81a79ff436141b322960eb49c7b3f91d1cbab6"},
    {file = "regex-2021.11.2-cp38-cp38-win32.whl", hash = "sha256:8fbe1768feafd3d0156556677b8ff234c7bf94a8110e906b2d73506f577a3269"},
    {file = "regex-2021.11.2-cp38-cp38-win_amd64.whl", hash = "sha256:f9ee98d658a146cb6507be720a0ce1b44f2abef8fb43c2859791d91aace17cd5"},
    {file = "regex-2021.11.2-cp39-cp39-macosx_10_9_x86_64.whl", hash = "sha256:b3794cea825f101fe0df9af8a00f9fad8e119c91e39a28636b95ee2b45b6c2e5"},
    {file = "regex-2021.11.2-cp39-cp39-macosx_11_0_arm64.whl", hash = "sha256:3576e173e7b4f88f683b4de7db0c2af1b209bb48b2bf1c827a6f3564fad59a97"},
    {file = "regex-2021.11.2-cp39-cp39-manylinux_2_17_aarch64.manylinux2014_aarch64.whl", hash = "sha256:48b4f4810117a9072a5aa70f7fea5f86fa9efbe9a798312e0a05044bd707cc33"},
    {file = "regex-2021.11.2-cp39-cp39-manylinux_2_17_ppc64le.manylinux2014_ppc64le.whl", hash = "sha256:f5930d334c2f607711d54761956aedf8137f83f1b764b9640be21d25a976f3a4"},
    {file = "regex-2021.11.2-cp39-cp39-manylinux_2_17_s390x.manylinux2014_s390x.whl", hash = "sha256:956187ff49db7014ceb31e88fcacf4cf63371e6e44d209cf8816cd4a2d61e11a"},
    {file = "regex-2021.11.2-cp39-cp39-manylinux_2_17_x86_64.manylinux2014_x86_64.whl", hash = "sha256:17e095f7f96a4b9f24b93c2c915f31a5201a6316618d919b0593afb070a5270e"},
    {file = "regex-2021.11.2-cp39-cp39-manylinux_2_5_i686.manylinux1_i686.manylinux_2_17_i686.manylinux2014_i686.whl", hash = "sha256:a56735c35a3704603d9d7b243ee06139f0837bcac2171d9ba1d638ce1df0742a"},
    {file = "regex-2021.11.2-cp39-cp39-manylinux_2_5_x86_64.manylinux1_x86_64.manylinux_2_12_x86_64.manylinux2010_x86_64.whl", hash = "sha256:adf35d88d9cffc202e6046e4c32e1e11a1d0238b2fcf095c94f109e510ececea"},
    {file = "regex-2021.11.2-cp39-cp39-win32.whl", hash = "sha256:30fe317332de0e50195665bc61a27d46e903d682f94042c36b3f88cb84bd7958"},
    {file = "regex-2021.11.2-cp39-cp39-win_amd64.whl", hash = "sha256:85289c25f658e3260b00178757c87f033f3d4b3e40aa4abdd4dc875ff11a94fb"},
    {file = "regex-2021.11.2.tar.gz", hash = "sha256:5e85dcfc5d0f374955015ae12c08365b565c6f1eaf36dd182476a4d8e5a1cdb7"},
]
requests = [
    {file = "requests-2.26.0-py2.py3-none-any.whl", hash = "sha256:6c1246513ecd5ecd4528a0906f910e8f0f9c6b8ec72030dc9fd154dc1a6efd24"},
    {file = "requests-2.26.0.tar.gz", hash = "sha256:b8aa58f8cf793ffd8782d3d8cb19e66ef36f7aba4353eec859e74678b01b07a7"},
]
six = [
    {file = "six-1.16.0-py2.py3-none-any.whl", hash = "sha256:8abb2f1d86890a2dfb989f9a77cfcfd3e47c2a354b01111771326f8aa26e0254"},
    {file = "six-1.16.0.tar.gz", hash = "sha256:1e61c37477a1626458e36f7b1d82aa5c9b094fa4802892072e49de9c60c4c926"},
]
toml = [
    {file = "toml-0.10.2-py2.py3-none-any.whl", hash = "sha256:806143ae5bfb6a3c6e736a764057db0e6a0e05e338b5630894a5f779cabb4f9b"},
    {file = "toml-0.10.2.tar.gz", hash = "sha256:b3bda1d108d5dd99f4a20d24d9c348e91c4db7ab1b749200bded2f839ccbe68f"},
]
urllib3 = [
    {file = "urllib3-1.26.6-py2.py3-none-any.whl", hash = "sha256:39fb8672126159acb139a7718dd10806104dec1e2f0f6c88aab05d17df10c8d4"},
    {file = "urllib3-1.26.6.tar.gz", hash = "sha256:f57b4c16c62fa2760b7e3d97c35b255512fb6b59a259730f36ba32ce9f8e342f"},
]
watchdog = [
    {file = "watchdog-1.0.2-cp36-cp36m-macosx_10_9_x86_64.whl", hash = "sha256:e2a531e71be7b5cc3499ae2d1494d51b6a26684bcc7c3146f63c810c00e8a3cc"},
    {file = "watchdog-1.0.2-cp37-cp37m-macosx_10_9_x86_64.whl", hash = "sha256:e7c73edef48f4ceeebb987317a67e0080e5c9228601ff67b3c4062fa020403c7"},
    {file = "watchdog-1.0.2-cp38-cp38-macosx_10_9_x86_64.whl", hash = "sha256:85e6574395aa6c1e14e0f030d9d7f35c2340a6cf95d5671354ce876ac3ffdd4d"},
    {file = "watchdog-1.0.2-cp39-cp39-macosx_10_9_x86_64.whl", hash = "sha256:27d9b4666938d5d40afdcdf2c751781e9ce36320788b70208d0f87f7401caf93"},
    {file = "watchdog-1.0.2-pp36-pypy36_pp73-macosx_10_9_x86_64.whl", hash = "sha256:2f1ade0d0802503fda4340374d333408831cff23da66d7e711e279ba50fe6c4a"},
    {file = "watchdog-1.0.2-pp37-pypy37_pp73-macosx_10_9_x86_64.whl", hash = "sha256:f1d0e878fd69129d0d68b87cee5d9543f20d8018e82998efb79f7e412d42154a"},
    {file = "watchdog-1.0.2-py3-none-manylinux2014_aarch64.whl", hash = "sha256:d948ad9ab9aba705f9836625b32e965b9ae607284811cd98334423f659ea537a"},
    {file = "watchdog-1.0.2-py3-none-manylinux2014_armv7l.whl", hash = "sha256:101532b8db506559e52a9b5d75a308729b3f68264d930670e6155c976d0e52a0"},
    {file = "watchdog-1.0.2-py3-none-manylinux2014_i686.whl", hash = "sha256:b1d723852ce90a14abf0ec0ca9e80689d9509ee4c9ee27163118d87b564a12ac"},
    {file = "watchdog-1.0.2-py3-none-manylinux2014_ppc64.whl", hash = "sha256:68744de2003a5ea2dfbb104f9a74192cf381334a9e2c0ed2bbe1581828d50b61"},
    {file = "watchdog-1.0.2-py3-none-manylinux2014_ppc64le.whl", hash = "sha256:602dbd9498592eacc42e0632c19781c3df1728ef9cbab555fab6778effc29eeb"},
    {file = "watchdog-1.0.2-py3-none-manylinux2014_s390x.whl", hash = "sha256:016b01495b9c55b5d4126ed8ae75d93ea0d99377084107c33162df52887cee18"},
    {file = "watchdog-1.0.2-py3-none-manylinux2014_x86_64.whl", hash = "sha256:5f1f3b65142175366ba94c64d8d4c8f4015825e0beaacee1c301823266b47b9b"},
    {file = "watchdog-1.0.2-py3-none-win32.whl", hash = "sha256:57f05e55aa603c3b053eed7e679f0a83873c540255b88d58c6223c7493833bac"},
    {file = "watchdog-1.0.2-py3-none-win_amd64.whl", hash = "sha256:f84146f7864339c8addf2c2b9903271df21d18d2c721e9a77f779493234a82b5"},
    {file = "watchdog-1.0.2-py3-none-win_ia64.whl", hash = "sha256:ee21aeebe6b3e51e4ba64564c94cee8dbe7438b9cb60f0bb350c4fa70d1b52c2"},
    {file = "watchdog-1.0.2.tar.gz", hash = "sha256:376cbc2a35c0392b0fe7ff16fbc1b303fd99d4dd9911ab5581ee9d69adc88982"},
]
