[[package]]
name = "certifi"
version = "2021.5.30"
description = "Python package for providing Mozilla's CA Bundle."
category = "dev"
optional = false
python-versions = "*"

[[package]]
name = "chardet"
version = "4.0.0"
description = "Universal encoding detector for Python 2 and 3"
category = "dev"
optional = false
python-versions = ">=2.7, !=3.0.*, !=3.1.*, !=3.2.*, !=3.3.*, !=3.4.*"

[[package]]
name = "click"
version = "7.1.2"
description = "Composable command line interface toolkit"
category = "dev"
optional = false
python-versions = ">=2.7, !=3.0.*, !=3.1.*, !=3.2.*, !=3.3.*, !=3.4.*"

[[package]]
name = "databind.core"
version = "1.1.1"
description = "Databind is a library inspired by jackson-databind to de-/serialize Python dataclasses. Compatible with Python 3.7 and newer."
category = "dev"
optional = false
python-versions = ">=3.7.0,<4.0.0"

[package.dependencies]
Deprecated = ">=1.2.12,<2.0.0"
"nr.optional" = ">=0.1.1,<1.0.0"
"nr.parsing.date" = ">=1.0.1,<2.0.0"
"nr.preconditions" = ">=0.0.4,<1.0.0"
"nr.stream" = ">=0.1.1,<1.0.0"
typing-extensions = ">=3.10.0,<4.0.0"

[[package]]
name = "databind.json"
version = "1.1.1"
description = "De-/serialize Python dataclasses to or from JSON payloads. Compatible with Python 3.7 and newer."
category = "dev"
optional = false
python-versions = ">=3.7.0,<4.0.0"

[package.dependencies]
"databind.core" = ">=1.1.1,<2.0.0"
"nr.parsing.date" = ">=1.0.1,<2.0.0"
"nr.preconditions" = ">=0.0.4,<1.0.0"
typing-extensions = ">=3.10.0,<4.0.0"

[[package]]
name = "deprecated"
version = "1.2.12"
description = "Python @deprecated decorator to deprecate old python classes, functions or methods."
category = "dev"
optional = false
python-versions = ">=2.7, !=3.0.*, !=3.1.*, !=3.2.*, !=3.3.*"

[package.dependencies]
wrapt = ">=1.10,<2"

[package.extras]
dev = ["tox", "bump2version (<1)", "sphinx (<2)", "importlib-metadata (<3)", "importlib-resources (<4)", "configparser (<5)", "sphinxcontrib-websupport (<2)", "zipp (<2)", "PyTest (<5)", "PyTest-Cov (<2.6)", "pytest", "pytest-cov"]

[[package]]
name = "docspec"
version = "1.0.1"
description = "Docspec is a JSON object specification for representing API documentation of programming languages."
category = "dev"
optional = false
python-versions = ">=3.7.0,<4.0.0"

[package.dependencies]
"databind.core" = ">=1.0.0,<2.0.0"
"databind.json" = ">=1.0.0,<2.0.0"

[[package]]
name = "docspec-python"
version = "1.0.1"
description = "A parser based on lib2to3 producing docspec data from Python source code."
category = "dev"
optional = false
python-versions = ">=3.7.0,<4.0.0"

[package.dependencies]
docspec = ">=1.0.1,<2.0.0"

[[package]]
name = "idna"
version = "2.10"
description = "Internationalized Domain Names in Applications (IDNA)"
category = "dev"
optional = false
python-versions = ">=2.7, !=3.0.*, !=3.1.*, !=3.2.*, !=3.3.*"

[[package]]
name = "nr.fs"
version = "1.6.3"
description = "Filesystem and path manipulation tools."
category = "dev"
optional = false
python-versions = "*"

[package.dependencies]
six = ">=1.11.0,<2.0.0"

[[package]]
name = "nr.optional"
version = "0.1.1"
description = "Package description here."
category = "dev"
optional = false
python-versions = ">=3.5.0,<4.0.0"

[[package]]
name = "nr.parsing.date"
version = "1.0.2"
description = "A fast, regular-expression based library for parsing dates, plus support for ISO 8601 durations."
category = "dev"
optional = false
python-versions = ">=3.6.0,<4.0.0"

[package.dependencies]
"nr.utils.re" = ">=0.2.0,<1.0.0"

[[package]]
name = "nr.preconditions"
version = "0.0.4"
description = "Provides simple functions to assert the state of your program."
category = "dev"
optional = false
python-versions = ">=3.5.0,<4.0.0"

[[package]]
name = "nr.pylang.utils"
version = "0.1.3"
description = "Package description here."
category = "dev"
optional = false
python-versions = ">=3.6.0,<4.0.0"

[[package]]
name = "nr.stream"
version = "0.1.2"
description = "Use iterators like Java streams."
category = "dev"
optional = false
python-versions = ">=3.5.0,<4.0.0"

[package.dependencies]
"nr.pylang.utils" = ">=0.1.0,<1.0.0"

[[package]]
name = "nr.utils.re"
version = "0.3.1"
description = "This module provides some utility functions for applying regular expressions."
category = "dev"
optional = false
python-versions = ">=3.6.0,<4.0.0"

[[package]]
name = "pydoc-markdown"
version = "4.1.5"
description = "Create Python API documentation in Markdown format."
category = "dev"
optional = false
python-versions = ">=3.7.0,<4.0.0"

[package.dependencies]
click = ">=7.0.0,<8.0.0"
"databind.core" = ">=1.0.0,<2.0.0"
"databind.json" = ">=1.0.0,<2.0.0"
docspec = ">=1.0.0,<2.0.0"
docspec-python = ">=1.0.0,<2.0.0"
"nr.fs" = ">=1.6.0,<2.0.0"
"nr.pylang.utils" = ">=0.1.1,<1.0.0"
"nr.stream" = ">=0.1.2,<1.0.0"
PyYAML = ">=5.3.0,<6.0.0"
requests = ">=2.23.0,<3.0.0"
six = ">=1.11.0,<2.0.0"
toml = ">=0.10.1,<1.0.0"
watchdog = "*"

[[package]]
name = "pyyaml"
version = "5.4.1"
description = "YAML parser and emitter for Python"
category = "dev"
optional = false
python-versions = ">=2.7, !=3.0.*, !=3.1.*, !=3.2.*, !=3.3.*, !=3.4.*, !=3.5.*"

[[package]]
name = "requests"
version = "2.25.1"
description = "Python HTTP for Humans."
category = "dev"
optional = false
python-versions = ">=2.7, !=3.0.*, !=3.1.*, !=3.2.*, !=3.3.*, !=3.4.*"

[package.dependencies]
certifi = ">=2017.4.17"
chardet = ">=3.0.2,<5"
idna = ">=2.5,<3"
urllib3 = ">=1.21.1,<1.27"

[package.extras]
security = ["pyOpenSSL (>=0.14)", "cryptography (>=1.3.4)"]
socks = ["PySocks (>=1.5.6,!=1.5.7)", "win-inet-pton"]

[[package]]
name = "six"
version = "1.16.0"
description = "Python 2 and 3 compatibility utilities"
category = "dev"
optional = false
python-versions = ">=2.7, !=3.0.*, !=3.1.*, !=3.2.*"

[[package]]
name = "toml"
version = "0.10.2"
description = "Python Library for Tom's Obvious, Minimal Language"
category = "dev"
optional = false
python-versions = ">=2.6, !=3.0.*, !=3.1.*, !=3.2.*"

[[package]]
name = "typing-extensions"
version = "3.10.0.0"
description = "Backported and Experimental Type Hints for Python 3.5+"
category = "dev"
optional = false
python-versions = "*"

[[package]]
name = "urllib3"
version = "1.26.6"
description = "HTTP library with thread-safe connection pooling, file post, and more."
category = "dev"
optional = false
python-versions = ">=2.7, !=3.0.*, !=3.1.*, !=3.2.*, !=3.3.*, !=3.4.*, <4"

[package.extras]
brotli = ["brotlipy (>=0.6.0)"]
secure = ["pyOpenSSL (>=0.14)", "cryptography (>=1.3.4)", "idna (>=2.0.0)", "certifi", "ipaddress"]
socks = ["PySocks (>=1.5.6,!=1.5.7,<2.0)"]

[[package]]
name = "watchdog"
version = "1.0.2"
description = "Filesystem events monitoring"
category = "dev"
optional = false
python-versions = ">=3.6"

[package.extras]
watchmedo = ["PyYAML (>=3.10)", "argh (>=0.24.1)"]

[[package]]
name = "wrapt"
version = "1.12.1"
description = "Module for decorators, wrappers and monkey patching."
category = "dev"
optional = false
python-versions = "*"

[metadata]
lock-version = "1.1"
python-versions = "^3.8"
content-hash = "3393262d080c2cb033139708f527565d40eba0806b5bebb70733fcc3b9c94e12"

[metadata.files]
certifi = [
    {file = "certifi-2021.5.30-py2.py3-none-any.whl", hash = "sha256:50b1e4f8446b06f41be7dd6338db18e0990601dce795c2b1686458aa7e8fa7d8"},
    {file = "certifi-2021.5.30.tar.gz", hash = "sha256:2bbf76fd432960138b3ef6dda3dde0544f27cbf8546c458e60baf371917ba9ee"},
]
chardet = [
    {file = "chardet-4.0.0-py2.py3-none-any.whl", hash = "sha256:f864054d66fd9118f2e67044ac8981a54775ec5b67aed0441892edb553d21da5"},
    {file = "chardet-4.0.0.tar.gz", hash = "sha256:0d6f53a15db4120f2b08c94f11e7d93d2c911ee118b6b30a04ec3ee8310179fa"},
]
click = [
    {file = "click-7.1.2-py2.py3-none-any.whl", hash = "sha256:dacca89f4bfadd5de3d7489b7c8a566eee0d3676333fbb50030263894c38c0dc"},
    {file = "click-7.1.2.tar.gz", hash = "sha256:d2b5255c7c6349bc1bd1e59e08cd12acbbd63ce649f2588755783aa94dfb6b1a"},
]
"databind.core" = [
    {file = "databind.core-1.1.1-py3-none-any.whl", hash = "sha256:045549167871e6b595c2d84dda51761c874f030b7b3c6d4f9ea1e25c15583012"},
    {file = "databind.core-1.1.1.tar.gz", hash = "sha256:a177dd96e954ee677ce2de80dce6112b8a5422a4ceb345f2e534f86768e1b66c"},
]
"databind.json" = [
    {file = "databind.json-1.1.1-py3-none-any.whl", hash = "sha256:10b495a659c051b1949ec11305f829114d72e8370ac893e85c6d17ef8cc26aec"},
    {file = "databind.json-1.1.1.tar.gz", hash = "sha256:c66d5d3e8dc0ea1698ea4aa57c2c646d7c7223031a937e4e560a384039571563"},
]
deprecated = [
    {file = "Deprecated-1.2.12-py2.py3-none-any.whl", hash = "sha256:08452d69b6b5bc66e8330adde0a4f8642e969b9e1702904d137eeb29c8ffc771"},
    {file = "Deprecated-1.2.12.tar.gz", hash = "sha256:6d2de2de7931a968874481ef30208fd4e08da39177d61d3d4ebdf4366e7dbca1"},
]
docspec = [
    {file = "docspec-1.0.1-py3-none-any.whl", hash = "sha256:084407d8206e9fc264e7f2712b6429b171beb3260e5cf6a953deb57e69caa540"},
    {file = "docspec-1.0.1.tar.gz", hash = "sha256:e1d01c72d0cfcbcb66fdb32d26e5fca310192d2d11bacc3151e0d52e6e86fda2"},
]
docspec-python = [
    {file = "docspec-python-1.0.1.tar.gz", hash = "sha256:03ac20bd587e1db4ce2f88040e22f76e415290420f001a53e2018c7d7b393686"},
    {file = "docspec_python-1.0.1-py3-none-any.whl", hash = "sha256:90f1366c418524775fd21b2a911491e2c1d5c1d5132a67ba5fd2bab13aafbbab"},
]
idna = [
    {file = "idna-2.10-py2.py3-none-any.whl", hash = "sha256:b97d804b1e9b523befed77c48dacec60e6dcb0b5391d57af6a65a312a90648c0"},
    {file = "idna-2.10.tar.gz", hash = "sha256:b307872f855b18632ce0c21c5e45be78c0ea7ae4c15c828c20788b26921eb3f6"},
]
"nr.fs" = [
    {file = "nr.fs-1.6.3-py2.py3-none-any.whl", hash = "sha256:64108c168ea2e8077fdf5f0c5417459d1a145fe34cb305fe90faeb75b4e8b421"},
    {file = "nr.fs-1.6.3.tar.gz", hash = "sha256:788aa0a04c4143f95c5245bc8ccc0c0872e932be533bd37780fbb55afcdf124a"},
]
"nr.optional" = [
    {file = "nr.optional-0.1.1-py3-none-any.whl", hash = "sha256:d451cabe8a5a8c92267f01a82db0d601ace6dfe88eded89c6297b59b52d19015"},
    {file = "nr.optional-0.1.1.tar.gz", hash = "sha256:7f40a9b345e3d0c5d4329db8a588e04383edd04ba2dd1b2e64c03eaa597f3f97"},
]
"nr.parsing.date" = [
    {file = "nr.parsing.date-1.0.2-py3-none-any.whl", hash = "sha256:1fba4a9bcbb583f393aec84f6926caad02352214e7a37180b246df4d85a7d554"},
    {file = "nr.parsing.date-1.0.2.tar.gz", hash = "sha256:473ae486a5bcdee77a8449dd9ab26d7b13a51f883c8c7106ae4b609dd26af385"},
]
"nr.preconditions" = [
    {file = "nr.preconditions-0.0.4-py3-none-any.whl", hash = "sha256:558e82a24cf78e0724745670f9d334d2fd997b91f3f57bee725dab71133dcfae"},
    {file = "nr.preconditions-0.0.4.tar.gz", hash = "sha256:86b91f9b9500f34b367780c26c60dc17c5f8f5784df38cbed7137b0ea6f3fa4d"},
]
"nr.pylang.utils" = [
    {file = "nr.pylang.utils-0.1.3-py3-none-any.whl", hash = "sha256:77abdd8494af72b5f79484774684cb4f345296fea788e169dabaccedcc053c10"},
    {file = "nr.pylang.utils-0.1.3.tar.gz", hash = "sha256:a54beae6288a0befcc8fce4852a341914e0267130c7abc612be38b6478869837"},
]
"nr.stream" = [
    {file = "nr.stream-0.1.2-py3-none-any.whl", hash = "sha256:25fc65e7c6fc610871775d59fc15494d1a9b9e9d0b5822354f8885cd77d95721"},
    {file = "nr.stream-0.1.2.tar.gz", hash = "sha256:fb4595e60e8a1d3e18f71db7a1257c35e8968b9d06da3a16b1e084a83427b49c"},
]
"nr.utils.re" = [
    {file = "nr.utils.re-0.3.1-py3-none-any.whl", hash = "sha256:3a1c5b64fe99cc350724926f049ce9588e2eee72492f35b5847ad3c9810ace95"},
    {file = "nr.utils.re-0.3.1.tar.gz", hash = "sha256:7e4539313620f87ef5361f0b69f85d825247b833a10be8445db75ade54611091"},
]
pydoc-markdown = [
    {file = "pydoc-markdown-4.1.5.tar.gz", hash = "sha256:f38ecc66d85e380be277ab177eb635817f2109741f25d5bb9e977abe1bffbbe0"},
    {file = "pydoc_markdown-4.1.5-py3-none-any.whl", hash = "sha256:7c5c0a559aedeb71ee99950a934808eedde2a4a966f2042c3faaa5b97ab5a2a7"},
]
pyyaml = [
    {file = "PyYAML-5.4.1-cp27-cp27m-macosx_10_9_x86_64.whl", hash = "sha256:3b2b1824fe7112845700f815ff6a489360226a5609b96ec2190a45e62a9fc922"},
    {file = "PyYAML-5.4.1-cp27-cp27m-win32.whl", hash = "sha256:129def1b7c1bf22faffd67b8f3724645203b79d8f4cc81f674654d9902cb4393"},
    {file = "PyYAML-5.4.1-cp27-cp27m-win_amd64.whl", hash = "sha256:4465124ef1b18d9ace298060f4eccc64b0850899ac4ac53294547536533800c8"},
    {file = "PyYAML-5.4.1-cp27-cp27mu-manylinux1_x86_64.whl", hash = "sha256:bb4191dfc9306777bc594117aee052446b3fa88737cd13b7188d0e7aa8162185"},
    {file = "PyYAML-5.4.1-cp36-cp36m-macosx_10_9_x86_64.whl", hash = "sha256:6c78645d400265a062508ae399b60b8c167bf003db364ecb26dcab2bda048253"},
    {file = "PyYAML-5.4.1-cp36-cp36m-manylinux1_x86_64.whl", hash = "sha256:4e0583d24c881e14342eaf4ec5fbc97f934b999a6828693a99157fde912540cc"},
    {file = "PyYAML-5.4.1-cp36-cp36m-manylinux2014_aarch64.whl", hash = "sha256:72a01f726a9c7851ca9bfad6fd09ca4e090a023c00945ea05ba1638c09dc3347"},
    {file = "PyYAML-5.4.1-cp36-cp36m-manylinux2014_s390x.whl", hash = "sha256:895f61ef02e8fed38159bb70f7e100e00f471eae2bc838cd0f4ebb21e28f8541"},
    {file = "PyYAML-5.4.1-cp36-cp36m-win32.whl", hash = "sha256:3bd0e463264cf257d1ffd2e40223b197271046d09dadf73a0fe82b9c1fc385a5"},
    {file = "PyYAML-5.4.1-cp36-cp36m-win_amd64.whl", hash = "sha256:e4fac90784481d221a8e4b1162afa7c47ed953be40d31ab4629ae917510051df"},
    {file = "PyYAML-5.4.1-cp37-cp37m-macosx_10_9_x86_64.whl", hash = "sha256:5accb17103e43963b80e6f837831f38d314a0495500067cb25afab2e8d7a4018"},
    {file = "PyYAML-5.4.1-cp37-cp37m-manylinux1_x86_64.whl", hash = "sha256:e1d4970ea66be07ae37a3c2e48b5ec63f7ba6804bdddfdbd3cfd954d25a82e63"},
    {file = "PyYAML-5.4.1-cp37-cp37m-manylinux2014_aarch64.whl", hash = "sha256:cb333c16912324fd5f769fff6bc5de372e9e7a202247b48870bc251ed40239aa"},
    {file = "PyYAML-5.4.1-cp37-cp37m-manylinux2014_s390x.whl", hash = "sha256:fe69978f3f768926cfa37b867e3843918e012cf83f680806599ddce33c2c68b0"},
    {file = "PyYAML-5.4.1-cp37-cp37m-win32.whl", hash = "sha256:dd5de0646207f053eb0d6c74ae45ba98c3395a571a2891858e87df7c9b9bd51b"},
    {file = "PyYAML-5.4.1-cp37-cp37m-win_amd64.whl", hash = "sha256:08682f6b72c722394747bddaf0aa62277e02557c0fd1c42cb853016a38f8dedf"},
    {file = "PyYAML-5.4.1-cp38-cp38-macosx_10_9_x86_64.whl", hash = "sha256:d2d9808ea7b4af864f35ea216be506ecec180628aced0704e34aca0b040ffe46"},
    {file = "PyYAML-5.4.1-cp38-cp38-manylinux1_x86_64.whl", hash = "sha256:8c1be557ee92a20f184922c7b6424e8ab6691788e6d86137c5d93c1a6ec1b8fb"},
    {file = "PyYAML-5.4.1-cp38-cp38-manylinux2014_aarch64.whl", hash = "sha256:fd7f6999a8070df521b6384004ef42833b9bd62cfee11a09bda1079b4b704247"},
    {file = "PyYAML-5.4.1-cp38-cp38-manylinux2014_s390x.whl", hash = "sha256:bfb51918d4ff3d77c1c856a9699f8492c612cde32fd3bcd344af9be34999bfdc"},
    {file = "PyYAML-5.4.1-cp38-cp38-win32.whl", hash = "sha256:fa5ae20527d8e831e8230cbffd9f8fe952815b2b7dae6ffec25318803a7528fc"},
    {file = "PyYAML-5.4.1-cp38-cp38-win_amd64.whl", hash = "sha256:0f5f5786c0e09baddcd8b4b45f20a7b5d61a7e7e99846e3c799b05c7c53fa696"},
    {file = "PyYAML-5.4.1-cp39-cp39-macosx_10_9_x86_64.whl", hash = "sha256:294db365efa064d00b8d1ef65d8ea2c3426ac366c0c4368d930bf1c5fb497f77"},
    {file = "PyYAML-5.4.1-cp39-cp39-manylinux1_x86_64.whl", hash = "sha256:74c1485f7707cf707a7aef42ef6322b8f97921bd89be2ab6317fd782c2d53183"},
    {file = "PyYAML-5.4.1-cp39-cp39-manylinux2014_aarch64.whl", hash = "sha256:d483ad4e639292c90170eb6f7783ad19490e7a8defb3e46f97dfe4bacae89122"},
    {file = "PyYAML-5.4.1-cp39-cp39-manylinux2014_s390x.whl", hash = "sha256:fdc842473cd33f45ff6bce46aea678a54e3d21f1b61a7750ce3c498eedfe25d6"},
    {file = "PyYAML-5.4.1-cp39-cp39-win32.whl", hash = "sha256:49d4cdd9065b9b6e206d0595fee27a96b5dd22618e7520c33204a4a3239d5b10"},
    {file = "PyYAML-5.4.1-cp39-cp39-win_amd64.whl", hash = "sha256:c20cfa2d49991c8b4147af39859b167664f2ad4561704ee74c1de03318e898db"},
    {file = "PyYAML-5.4.1.tar.gz", hash = "sha256:607774cbba28732bfa802b54baa7484215f530991055bb562efbed5b2f20a45e"},
]
requests = [
    {file = "requests-2.25.1-py2.py3-none-any.whl", hash = "sha256:c210084e36a42ae6b9219e00e48287def368a26d03a048ddad7bfee44f75871e"},
    {file = "requests-2.25.1.tar.gz", hash = "sha256:27973dd4a904a4f13b263a19c866c13b92a39ed1c964655f025f3f8d3d75b804"},
]
six = [
    {file = "six-1.16.0-py2.py3-none-any.whl", hash = "sha256:8abb2f1d86890a2dfb989f9a77cfcfd3e47c2a354b01111771326f8aa26e0254"},
    {file = "six-1.16.0.tar.gz", hash = "sha256:1e61c37477a1626458e36f7b1d82aa5c9b094fa4802892072e49de9c60c4c926"},
]
toml = [
    {file = "toml-0.10.2-py2.py3-none-any.whl", hash = "sha256:806143ae5bfb6a3c6e736a764057db0e6a0e05e338b5630894a5f779cabb4f9b"},
    {file = "toml-0.10.2.tar.gz", hash = "sha256:b3bda1d108d5dd99f4a20d24d9c348e91c4db7ab1b749200bded2f839ccbe68f"},
]
typing-extensions = [
    {file = "typing_extensions-3.10.0.0-py2-none-any.whl", hash = "sha256:0ac0f89795dd19de6b97debb0c6af1c70987fd80a2d62d1958f7e56fcc31b497"},
    {file = "typing_extensions-3.10.0.0-py3-none-any.whl", hash = "sha256:779383f6086d90c99ae41cf0ff39aac8a7937a9283ce0a414e5dd782f4c94a84"},
    {file = "typing_extensions-3.10.0.0.tar.gz", hash = "sha256:50b6f157849174217d0656f99dc82fe932884fb250826c18350e159ec6cdf342"},
]
urllib3 = [
    {file = "urllib3-1.26.6-py2.py3-none-any.whl", hash = "sha256:39fb8672126159acb139a7718dd10806104dec1e2f0f6c88aab05d17df10c8d4"},
    {file = "urllib3-1.26.6.tar.gz", hash = "sha256:f57b4c16c62fa2760b7e3d97c35b255512fb6b59a259730f36ba32ce9f8e342f"},
]
watchdog = [
    {file = "watchdog-1.0.2-cp36-cp36m-macosx_10_9_x86_64.whl", hash = "sha256:e2a531e71be7b5cc3499ae2d1494d51b6a26684bcc7c3146f63c810c00e8a3cc"},
    {file = "watchdog-1.0.2-cp37-cp37m-macosx_10_9_x86_64.whl", hash = "sha256:e7c73edef48f4ceeebb987317a67e0080e5c9228601ff67b3c4062fa020403c7"},
    {file = "watchdog-1.0.2-cp38-cp38-macosx_10_9_x86_64.whl", hash = "sha256:85e6574395aa6c1e14e0f030d9d7f35c2340a6cf95d5671354ce876ac3ffdd4d"},
    {file = "watchdog-1.0.2-cp39-cp39-macosx_10_9_x86_64.whl", hash = "sha256:27d9b4666938d5d40afdcdf2c751781e9ce36320788b70208d0f87f7401caf93"},
    {file = "watchdog-1.0.2-pp36-pypy36_pp73-macosx_10_9_x86_64.whl", hash = "sha256:2f1ade0d0802503fda4340374d333408831cff23da66d7e711e279ba50fe6c4a"},
    {file = "watchdog-1.0.2-pp37-pypy37_pp73-macosx_10_9_x86_64.whl", hash = "sha256:f1d0e878fd69129d0d68b87cee5d9543f20d8018e82998efb79f7e412d42154a"},
    {file = "watchdog-1.0.2-py3-none-manylinux2014_aarch64.whl", hash = "sha256:d948ad9ab9aba705f9836625b32e965b9ae607284811cd98334423f659ea537a"},
    {file = "watchdog-1.0.2-py3-none-manylinux2014_armv7l.whl", hash = "sha256:101532b8db506559e52a9b5d75a308729b3f68264d930670e6155c976d0e52a0"},
    {file = "watchdog-1.0.2-py3-none-manylinux2014_i686.whl", hash = "sha256:b1d723852ce90a14abf0ec0ca9e80689d9509ee4c9ee27163118d87b564a12ac"},
    {file = "watchdog-1.0.2-py3-none-manylinux2014_ppc64.whl", hash = "sha256:68744de2003a5ea2dfbb104f9a74192cf381334a9e2c0ed2bbe1581828d50b61"},
    {file = "watchdog-1.0.2-py3-none-manylinux2014_ppc64le.whl", hash = "sha256:602dbd9498592eacc42e0632c19781c3df1728ef9cbab555fab6778effc29eeb"},
    {file = "watchdog-1.0.2-py3-none-manylinux2014_s390x.whl", hash = "sha256:016b01495b9c55b5d4126ed8ae75d93ea0d99377084107c33162df52887cee18"},
    {file = "watchdog-1.0.2-py3-none-manylinux2014_x86_64.whl", hash = "sha256:5f1f3b65142175366ba94c64d8d4c8f4015825e0beaacee1c301823266b47b9b"},
    {file = "watchdog-1.0.2-py3-none-win32.whl", hash = "sha256:57f05e55aa603c3b053eed7e679f0a83873c540255b88d58c6223c7493833bac"},
    {file = "watchdog-1.0.2-py3-none-win_amd64.whl", hash = "sha256:f84146f7864339c8addf2c2b9903271df21d18d2c721e9a77f779493234a82b5"},
    {file = "watchdog-1.0.2-py3-none-win_ia64.whl", hash = "sha256:ee21aeebe6b3e51e4ba64564c94cee8dbe7438b9cb60f0bb350c4fa70d1b52c2"},
    {file = "watchdog-1.0.2.tar.gz", hash = "sha256:376cbc2a35c0392b0fe7ff16fbc1b303fd99d4dd9911ab5581ee9d69adc88982"},
]
wrapt = [
    {file = "wrapt-1.12.1.tar.gz", hash = "sha256:b62ffa81fb85f4332a4f609cab4ac40709470da05643a082ec1eb88e6d9b97d7"},
]
